
Microsoft Visual Studio Solution File, Format Version 12.00
# Visual Studio Version 17
VisualStudioVersion = 17.10.35027.167
MinimumVisualStudioVersion = 10.0.40219.1
Project("{9A19103F-16F7-4668-BE54-9A1E7A4F7556}") = "FirestoneBepinexModsManager", "FirestoneBepinexModsManager.csproj", "{7982C1F3-9AA9-4FD0-B656-C3978CC07946}"
EndProject
Global
	GlobalSection(SolutionConfigurationPlatforms) = preSolution
		Debug|Any CPU = Debug|Any CPU
		Release|Any CPU = Release|Any CPU
	EndGlobalSection
	GlobalSection(ProjectConfigurationPlatforms) = postSolution
		{7982C1F3-9AA9-4FD0-B656-C3978CC07946}.Debug|Any CPU.ActiveCfg = Debug|Any CPU
		{7982C1F3-9AA9-4FD0-B656-C3978CC07946}.Debug|Any CPU.Build.0 = Debug|Any CPU
		{7982C1F3-9AA9-4FD0-B656-C3978CC07946}.Release|Any CPU.ActiveCfg = Release|Any CPU
		{7982C1F3-9AA9-4FD0-B656-C3978CC07946}.Release|Any CPU.Build.0 = Release|Any CPU
	EndGlobalSection
	GlobalSection(SolutionProperties) = preSolution
		HideSolutionNode = FALSE
	EndGlobalSection
	GlobalSection(ExtensibilityGlobals) = postSolution
		SolutionGuid = {82E0AC8C-8F6A-44CA-95F0-B6AEC574F688}
	EndGlobalSection
EndGlobal
